
Microsoft Visual Studio Solution File, Format Version 12.00
# Visual Studio Version 16
VisualStudioVersion = 16.0.31005.135
MinimumVisualStudioVersion = 10.0.40219.1
Project("{FAE04EC0-301F-11D3-BF4B-00C04F79EFBC}") = "VCubWatcher", "VCubWatcher\VCubWatcher.csproj", "{B3ACB10A-C9C7-45BC-8924-38A40A1DAA41}"
EndProject
Global
	GlobalSection(SolutionConfigurationPlatforms) = preSolution
		Debug|Any CPU = Debug|Any CPU
		Release|Any CPU = Release|Any CPU
	EndGlobalSection
	GlobalSection(ProjectConfigurationPlatforms) = postSolution
		{B3ACB10A-C9C7-45BC-8924-38A40A1DAA41}.Debug|Any CPU.ActiveCfg = Debug|Any CPU
		{B3ACB10A-C9C7-45BC-8924-38A40A1DAA41}.Debug|Any CPU.Build.0 = Debug|Any CPU
		{B3ACB10A-C9C7-45BC-8924-38A40A1DAA41}.Release|Any CPU.ActiveCfg = Release|Any CPU
		{B3ACB10A-C9C7-45BC-8924-38A40A1DAA41}.Release|Any CPU.Build.0 = Release|Any CPU
	EndGlobalSection
	GlobalSection(SolutionProperties) = preSolution
		HideSolutionNode = FALSE
	EndGlobalSection
	GlobalSection(ExtensibilityGlobals) = postSolution
		SolutionGuid = {57022015-A5B1-4EFA-8172-DCECE63126F4}
	EndGlobalSection
EndGlobal
